
Microsoft Visual Studio Solution File, Format Version 12.00
# Visual Studio Version 17
VisualStudioVersion = 17.8.34511.84
MinimumVisualStudioVersion = 10.0.40219.1
Project("{FAE04EC0-301F-11D3-BF4B-00C04F79EFBC}") = "ClubInterface", "ClubInterface.csproj", "{B9F6D04B-B036-4E38-BA23-616108EAA15C}"
EndProject
Global
	GlobalSection(SolutionConfigurationPlatforms) = preSolution
		Debug|Any CPU = Debug|Any CPU
		Release|Any CPU = Release|Any CPU
	EndGlobalSection
	GlobalSection(ProjectConfigurationPlatforms) = postSolution
		{B9F6D04B-B036-4E38-BA23-616108EAA15C}.Debug|Any CPU.ActiveCfg = Debug|Any CPU
		{B9F6D04B-B036-4E38-BA23-616108EAA15C}.Debug|Any CPU.Build.0 = Debug|Any CPU
		{B9F6D04B-B036-4E38-BA23-616108EAA15C}.Release|Any CPU.ActiveCfg = Release|Any CPU
		{B9F6D04B-B036-4E38-BA23-616108EAA15C}.Release|Any CPU.Build.0 = Release|Any CPU
	EndGlobalSection
	GlobalSection(SolutionProperties) = preSolution
		HideSolutionNode = FALSE
	EndGlobalSection
	GlobalSection(ExtensibilityGlobals) = postSolution
		SolutionGuid = {21C73BAC-3B77-4684-A367-25E9D7A1A66C}
	EndGlobalSection
EndGlobal
